{
  "version": 1,
  "dependencies": {
    ".NETFramework,Version=v4.7.1": {
      "BepInEx.Core": {
        "type": "Direct",
        "requested": "[5.*, )",
        "resolved": "5.4.21",
        "contentHash": "NMUPlbHTTfJ+qIQCI90uIvjuUQ4wnwt4cpRsK3ItBh1DhsWFzAHXNiZjBxZkPysljEKQ2iu89sxMTga4bxBXVQ==",
        "dependencies": {
          "BepInEx.BaseLib": "5.4.20",
          "HarmonyX": "2.7.0"
        }
      },
      "Microsoft.NETFramework.ReferenceAssemblies": {
        "type": "Direct",
        "requested": "[1.0.3, )",
        "resolved": "1.0.3",
        "contentHash": "vUc9Npcs14QsyOD01tnv/m8sQUnGTGOw1BCmKcv77LBJY7OxhJ+zJF7UD/sCL3lYNFuqmQEVlkfS4Quif6FyYg==",
        "dependencies": {
          "Microsoft.NETFramework.ReferenceAssemblies.net471": "1.0.3"
        }
      },
      "UnityEngine.Modules": {
        "type": "Direct",
        "requested": "[2022.3.43, )",
        "resolved": "2022.3.43",
        "contentHash": "O5ecnt8NqsoQ4gFbFETgTQX4J2x+iHz6UtBT4hgFe1YkDRJUXI8dspE3VRcy749mP9IkYNpjUcXmn4Y1w9tcXg=="
      },
      "BepInEx.BaseLib": {
        "type": "Transitive",
        "resolved": "5.4.20",
        "contentHash": "0bXgYxbCEN2Ixp3kiFEhyw+RASeFQeg/ww+lbMt7if6XMeVS60eg6epNsMA8Jbx57dmNOzNevkKKw8mP8SUMqw=="
      },
      "HarmonyX": {
        "type": "Transitive",
        "resolved": "2.7.0",
        "contentHash": "lec/SkduQspMa3Pi/nM/NSvA84Za8HCCWA8ybdToKiTqnBZa+JC5g6rxoFQCg/1vNuYcvjy77edePZzIEsRmvw==",
        "dependencies": {
          "MonoMod.RuntimeDetour": "21.12.13.1"
        }
      },
      "Microsoft.NETFramework.ReferenceAssemblies.net471": {
        "type": "Transitive",
        "resolved": "1.0.3",
        "contentHash": "Kf3vusy+mwHzn+0osmJAMrZNG00/UkwywjwfFKLUWSYEXiIMD6SEMGP9bG3sH1B54IiydxAneLubS5/Ajjn/Tw=="
      },
      "Mono.Cecil": {
        "type": "Transitive",
        "resolved": "0.11.4",
        "contentHash": "IC1h5g0NeJGHIUgzM1P82ld57knhP0IcQfrYITDPXlNpMYGUrsG5TxuaWTjaeqDNQMBDNZkB8L0rBnwsY6JHuQ=="
      },
      "MonoMod.RuntimeDetour": {
        "type": "Transitive",
        "resolved": "21.12.13.1",
        "contentHash": "65mB+bHjT6UCGCgO+/pYhpuGPf96rQ1Whwkut/x7cqVIW0DTndDFyWc/3bngzhnY/Y6IYtBMlXsU2ATq+CxpHg==",
        "dependencies": {
          "Mono.Cecil": "0.11.4",
          "MonoMod.Utils": "21.12.13.1"
        }
      },
      "MonoMod.Utils": {
        "type": "Transitive",
        "resolved": "21.12.13.1",
        "contentHash": "/H+0RMWqx/D1/fSuY5jhY6GFvqhdYdlnI7J3IfL8P6y4nJkoZDxqts6+RxWWOz4pbnJdWnxSjS8XG+Lq6rUi7w==",
        "dependencies": {
          "Mono.Cecil": "0.11.4"
        }
      }
    }
  }
}